{
  "nodes": {
    "nixos-hardware": {
      "locked": {
        "lastModified": 1715010655,
        "narHash": "sha256-FmdhvR/hgBkPDvIv/HOEIQsSMaVXh8wvTrnep8dF3Jc=",
        "owner": "NixOS",
        "repo": "nixos-hardware",
        "rev": "d1659c9eb8af718118fb4bbe2c86797c8b8623eb",
        "type": "github"
      },
      "original": {
        "owner": "NixOS",
        "ref": "master",
        "repo": "nixos-hardware",
        "type": "github"
      }
    },
    "nixpkgs": {
      "locked": {
        "lastModified": 1714906307,
        "narHash": "sha256-UlRZtrCnhPFSJlDQE7M0eyhgvuuHBTe1eJ9N9AQlJQ0=",
        "owner": "NixOS",
        "repo": "nixpkgs",
        "rev": "25865a40d14b3f9cf19f19b924e2ab4069b09588",
        "type": "github"
      },
      "original": {
        "owner": "NixOS",
        "ref": "nixos-unstable",
        "repo": "nixpkgs",
        "type": "github"
      }
    },
    "nixpkgs-stable": {
      "locked": {
        "lastModified": 1714971268,
        "narHash": "sha256-IKwMSwHj9+ec660l+I4tki/1NRoeGpyA2GdtdYpAgEw=",
        "owner": "NixOS",
        "repo": "nixpkgs",
        "rev": "27c13997bf450a01219899f5a83bd6ffbfc70d3c",
        "type": "github"
      },
      "original": {
        "owner": "NixOS",
        "ref": "nixos-23.11",
        "repo": "nixpkgs",
        "type": "github"
      }
    },
    "root": {
      "inputs": {
        "nixos-hardware": "nixos-hardware",
        "nixpkgs": "nixpkgs",
        "nixpkgs-stable": "nixpkgs-stable"
      }
    }
  },
  "root": "root",
  "version": 7
}
